
Microsoft Visual Studio Solution File, Format Version 9.00
# Visual C# Express 2005
Project("{FAE04EC0-301F-11D3-BF4B-00C04F79EFBC}") = "Drought", "Drought\Drought.csproj", "{350AC052-B51B-46A7-8492-919A455652B7}"
EndProject
Global
	GlobalSection(SolutionConfigurationPlatforms) = preSolution
		Debug|x86 = Debug|x86
		Release|x86 = Release|x86
	EndGlobalSection
	GlobalSection(ProjectConfigurationPlatforms) = postSolution
		{350AC052-B51B-46A7-8492-919A455652B7}.Debug|x86.ActiveCfg = Debug|x86
		{350AC052-B51B-46A7-8492-919A455652B7}.Debug|x86.Build.0 = Debug|x86
		{350AC052-B51B-46A7-8492-919A455652B7}.Release|x86.ActiveCfg = Release|x86
		{350AC052-B51B-46A7-8492-919A455652B7}.Release|x86.Build.0 = Release|x86
		{077AA3F0-6388-4F0F-B446-5153FD0F4AD7}.Debug|x86.ActiveCfg = Debug|x86
		{077AA3F0-6388-4F0F-B446-5153FD0F4AD7}.Release|x86.ActiveCfg = Release|x86
	EndGlobalSection
	GlobalSection(SolutionProperties) = preSolution
		HideSolutionNode = FALSE
	EndGlobalSection
EndGlobal
